
Microsoft Visual Studio Solution File, Format Version 12.00
# Visual Studio Version 16
VisualStudioVersion = 16.0.30711.63
MinimumVisualStudioVersion = 10.0.40219.1
Project("{FAE04EC0-301F-11D3-BF4B-00C04F79EFBC}") = "UdpServer", "UdpServer\UdpServer.csproj", "{7A59AC3C-DB3B-4787-8A7F-EADBD2D95CDC}"
EndProject
Project("{FAE04EC0-301F-11D3-BF4B-00C04F79EFBC}") = "UdpClient", "UdpClient\UdpClient.csproj", "{4A3F3EEA-E002-4E3A-83F1-4E534CE3C44F}"
EndProject
Global
	GlobalSection(SolutionConfigurationPlatforms) = preSolution
		Debug|Any CPU = Debug|Any CPU
		Release|Any CPU = Release|Any CPU
	EndGlobalSection
	GlobalSection(ProjectConfigurationPlatforms) = postSolution
		{7A59AC3C-DB3B-4787-8A7F-EADBD2D95CDC}.Debug|Any CPU.ActiveCfg = Debug|Any CPU
		{7A59AC3C-DB3B-4787-8A7F-EADBD2D95CDC}.Debug|Any CPU.Build.0 = Debug|Any CPU
		{7A59AC3C-DB3B-4787-8A7F-EADBD2D95CDC}.Release|Any CPU.ActiveCfg = Release|Any CPU
		{7A59AC3C-DB3B-4787-8A7F-EADBD2D95CDC}.Release|Any CPU.Build.0 = Release|Any CPU
		{4A3F3EEA-E002-4E3A-83F1-4E534CE3C44F}.Debug|Any CPU.ActiveCfg = Debug|Any CPU
		{4A3F3EEA-E002-4E3A-83F1-4E534CE3C44F}.Debug|Any CPU.Build.0 = Debug|Any CPU
		{4A3F3EEA-E002-4E3A-83F1-4E534CE3C44F}.Release|Any CPU.ActiveCfg = Release|Any CPU
		{4A3F3EEA-E002-4E3A-83F1-4E534CE3C44F}.Release|Any CPU.Build.0 = Release|Any CPU
	EndGlobalSection
	GlobalSection(SolutionProperties) = preSolution
		HideSolutionNode = FALSE
	EndGlobalSection
	GlobalSection(ExtensibilityGlobals) = postSolution
		SolutionGuid = {EC4F94BE-F91A-4525-8E35-B41FE9C38B26}
	EndGlobalSection
EndGlobal
